
Microsoft Visual Studio Solution File, Format Version 12.00
# Visual Studio Version 16
VisualStudioVersion = 25.0.1705.1
MinimumVisualStudioVersion = 10.0.40219.1
Project("{2150E333-8FDC-42A3-9474-1A3956D46DE8}") = "Services", "Services", "{FDFE83C1-3B3C-453E-AF32-787E73CE7F81}"
EndProject
Project("{2150E333-8FDC-42A3-9474-1A3956D46DE8}") = "APIGateways", "APIGateways", "{628C789A-1DD6-4DA6-8309-A8825E654AC9}"
EndProject
Project("{2150E333-8FDC-42A3-9474-1A3956D46DE8}") = "Product", "Product", "{DA03BFC8-9B73-4817-9D3B-56B273750087}"
EndProject
Project("{2150E333-8FDC-42A3-9474-1A3956D46DE8}") = "User", "User", "{32CC63A7-8472-4E81-8A8E-5C989AB4C670}"
EndProject
Project("{2150E333-8FDC-42A3-9474-1A3956D46DE8}") = "Cart", "Cart", "{BCCF863E-D0BC-48FB-BD19-98116A456899}"
EndProject
Project("{FAE04EC0-301F-11D3-BF4B-00C04F79EFBC}") = "Cart.API", "Cart\Cart.API\Cart.API.csproj", "{D332AF4D-6804-4F03-BF04-3B0751F3B69A}"
EndProject
Project("{2150E333-8FDC-42A3-9474-1A3956D46DE8}") = "Database", "Database", "{944B6E60-7FE9-4490-96EF-7364CFC71E77}"
EndProject
Project("{FAE04EC0-301F-11D3-BF4B-00C04F79EFBC}") = "BusinessObjects", "BusinessObjects\BusinessObjects.csproj", "{3C0DF583-6C41-45CB-8484-513B7CD71761}"
EndProject
Project("{FAE04EC0-301F-11D3-BF4B-00C04F79EFBC}") = "Product.API", "Product\Product.API\Product.API.csproj", "{BC34892D-3E6E-47BD-A1AF-5694208ACC7F}"
EndProject
Project("{FAE04EC0-301F-11D3-BF4B-00C04F79EFBC}") = "User.API", "User\User.API\User.API.csproj", "{7EFFF8FD-32DF-4DFD-8408-4CD1E7149565}"
EndProject
Global
	GlobalSection(SolutionConfigurationPlatforms) = preSolution
		Debug|Any CPU = Debug|Any CPU
		Release|Any CPU = Release|Any CPU
	EndGlobalSection
	GlobalSection(ProjectConfigurationPlatforms) = postSolution
		{D332AF4D-6804-4F03-BF04-3B0751F3B69A}.Debug|Any CPU.ActiveCfg = Debug|Any CPU
		{D332AF4D-6804-4F03-BF04-3B0751F3B69A}.Debug|Any CPU.Build.0 = Debug|Any CPU
		{D332AF4D-6804-4F03-BF04-3B0751F3B69A}.Release|Any CPU.ActiveCfg = Release|Any CPU
		{D332AF4D-6804-4F03-BF04-3B0751F3B69A}.Release|Any CPU.Build.0 = Release|Any CPU
		{3C0DF583-6C41-45CB-8484-513B7CD71761}.Debug|Any CPU.ActiveCfg = Debug|Any CPU
		{3C0DF583-6C41-45CB-8484-513B7CD71761}.Debug|Any CPU.Build.0 = Debug|Any CPU
		{3C0DF583-6C41-45CB-8484-513B7CD71761}.Release|Any CPU.ActiveCfg = Release|Any CPU
		{3C0DF583-6C41-45CB-8484-513B7CD71761}.Release|Any CPU.Build.0 = Release|Any CPU
		{BC34892D-3E6E-47BD-A1AF-5694208ACC7F}.Debug|Any CPU.ActiveCfg = Debug|Any CPU
		{BC34892D-3E6E-47BD-A1AF-5694208ACC7F}.Debug|Any CPU.Build.0 = Debug|Any CPU
		{BC34892D-3E6E-47BD-A1AF-5694208ACC7F}.Release|Any CPU.ActiveCfg = Release|Any CPU
		{BC34892D-3E6E-47BD-A1AF-5694208ACC7F}.Release|Any CPU.Build.0 = Release|Any CPU
		{7EFFF8FD-32DF-4DFD-8408-4CD1E7149565}.Debug|Any CPU.ActiveCfg = Debug|Any CPU
		{7EFFF8FD-32DF-4DFD-8408-4CD1E7149565}.Debug|Any CPU.Build.0 = Debug|Any CPU
		{7EFFF8FD-32DF-4DFD-8408-4CD1E7149565}.Release|Any CPU.ActiveCfg = Release|Any CPU
		{7EFFF8FD-32DF-4DFD-8408-4CD1E7149565}.Release|Any CPU.Build.0 = Release|Any CPU
	EndGlobalSection
	GlobalSection(SolutionProperties) = preSolution
		HideSolutionNode = FALSE
	EndGlobalSection
	GlobalSection(ExtensibilityGlobals) = postSolution
		SolutionGuid = {8BD8BC56-C949-4E91-BEDA-4ED678F155CE}
	EndGlobalSection
	GlobalSection(NestedProjects) = preSolution
		{DA03BFC8-9B73-4817-9D3B-56B273750087} = {FDFE83C1-3B3C-453E-AF32-787E73CE7F81}
		{32CC63A7-8472-4E81-8A8E-5C989AB4C670} = {FDFE83C1-3B3C-453E-AF32-787E73CE7F81}
		{BCCF863E-D0BC-48FB-BD19-98116A456899} = {FDFE83C1-3B3C-453E-AF32-787E73CE7F81}
		{D332AF4D-6804-4F03-BF04-3B0751F3B69A} = {BCCF863E-D0BC-48FB-BD19-98116A456899}
		{3C0DF583-6C41-45CB-8484-513B7CD71761} = {944B6E60-7FE9-4490-96EF-7364CFC71E77}
		{BC34892D-3E6E-47BD-A1AF-5694208ACC7F} = {DA03BFC8-9B73-4817-9D3B-56B273750087}
		{7EFFF8FD-32DF-4DFD-8408-4CD1E7149565} = {32CC63A7-8472-4E81-8A8E-5C989AB4C670}
	EndGlobalSection
EndGlobal
